
Microsoft Visual Studio Solution File, Format Version 12.00
# Visual Studio Version 16
VisualStudioVersion = 16.0.31613.86
MinimumVisualStudioVersion = 10.0.40219.1
Project("{FAE04EC0-301F-11D3-BF4B-00C04F79EFBC}") = "DataBinding", "DataBinding\DataBinding.csproj", "{DC6AE6B5-180C-4E69-89E6-09E203E307AF}"
EndProject
Global
	GlobalSection(SolutionConfigurationPlatforms) = preSolution
		Debug|Any CPU = Debug|Any CPU
		Release|Any CPU = Release|Any CPU
	EndGlobalSection
	GlobalSection(ProjectConfigurationPlatforms) = postSolution
		{DC6AE6B5-180C-4E69-89E6-09E203E307AF}.Debug|Any CPU.ActiveCfg = Debug|Any CPU
		{DC6AE6B5-180C-4E69-89E6-09E203E307AF}.Debug|Any CPU.Build.0 = Debug|Any CPU
		{DC6AE6B5-180C-4E69-89E6-09E203E307AF}.Release|Any CPU.ActiveCfg = Release|Any CPU
		{DC6AE6B5-180C-4E69-89E6-09E203E307AF}.Release|Any CPU.Build.0 = Release|Any CPU
	EndGlobalSection
	GlobalSection(SolutionProperties) = preSolution
		HideSolutionNode = FALSE
	EndGlobalSection
	GlobalSection(ExtensibilityGlobals) = postSolution
		SolutionGuid = {7B773E6F-2577-419B-BED2-CC422A0FEFC7}
	EndGlobalSection
EndGlobal
