
Microsoft Visual Studio Solution File, Format Version 12.00
# Visual Studio 15
VisualStudioVersion = 15.0.28307.271
MinimumVisualStudioVersion = 10.0.40219.1
Project("{8BC9CEB8-8B4A-11D0-8D11-00A0C91BC942}") = "다시 레드블랙 트리", "다시 레드블랙 트리\다시 레드블랙 트리.vcxproj", "{42ED4860-E317-4CA3-8AF8-6532C3B581C2}"
EndProject
Global
	GlobalSection(SolutionConfigurationPlatforms) = preSolution
		Debug|x64 = Debug|x64
		Debug|x86 = Debug|x86
		Release|x64 = Release|x64
		Release|x86 = Release|x86
	EndGlobalSection
	GlobalSection(ProjectConfigurationPlatforms) = postSolution
		{42ED4860-E317-4CA3-8AF8-6532C3B581C2}.Debug|x64.ActiveCfg = Debug|x64
		{42ED4860-E317-4CA3-8AF8-6532C3B581C2}.Debug|x64.Build.0 = Debug|x64
		{42ED4860-E317-4CA3-8AF8-6532C3B581C2}.Debug|x86.ActiveCfg = Debug|Win32
		{42ED4860-E317-4CA3-8AF8-6532C3B581C2}.Debug|x86.Build.0 = Debug|Win32
		{42ED4860-E317-4CA3-8AF8-6532C3B581C2}.Release|x64.ActiveCfg = Release|x64
		{42ED4860-E317-4CA3-8AF8-6532C3B581C2}.Release|x64.Build.0 = Release|x64
		{42ED4860-E317-4CA3-8AF8-6532C3B581C2}.Release|x86.ActiveCfg = Release|Win32
		{42ED4860-E317-4CA3-8AF8-6532C3B581C2}.Release|x86.Build.0 = Release|Win32
	EndGlobalSection
	GlobalSection(SolutionProperties) = preSolution
		HideSolutionNode = FALSE
	EndGlobalSection
	GlobalSection(ExtensibilityGlobals) = postSolution
		SolutionGuid = {C7001028-DBED-47F7-8460-912FCBF1F477}
	EndGlobalSection
EndGlobal
